
Microsoft Visual Studio Solution File, Format Version 12.00
# Visual Studio Version 17
VisualStudioVersion = 17.7.34221.43
MinimumVisualStudioVersion = 10.0.40219.1
Project("{FAE04EC0-301F-11D3-BF4B-00C04F79EFBC}") = "ChallengeApp24", "ChallengeApp24\ChallengeApp24.csproj", "{A2E4F239-B7BF-4107-A53D-6EC01E5B037D}"
EndProject
Global
	GlobalSection(SolutionConfigurationPlatforms) = preSolution
		Debug|Any CPU = Debug|Any CPU
		Release|Any CPU = Release|Any CPU
	EndGlobalSection
	GlobalSection(ProjectConfigurationPlatforms) = postSolution
		{A2E4F239-B7BF-4107-A53D-6EC01E5B037D}.Debug|Any CPU.ActiveCfg = Debug|Any CPU
		{A2E4F239-B7BF-4107-A53D-6EC01E5B037D}.Debug|Any CPU.Build.0 = Debug|Any CPU
		{A2E4F239-B7BF-4107-A53D-6EC01E5B037D}.Release|Any CPU.ActiveCfg = Release|Any CPU
		{A2E4F239-B7BF-4107-A53D-6EC01E5B037D}.Release|Any CPU.Build.0 = Release|Any CPU
	EndGlobalSection
	GlobalSection(SolutionProperties) = preSolution
		HideSolutionNode = FALSE
	EndGlobalSection
	GlobalSection(ExtensibilityGlobals) = postSolution
		SolutionGuid = {67127BF5-09AE-4292-A83B-FBFB0ABC23D7}
	EndGlobalSection
EndGlobal
